
Microsoft Visual Studio Solution File, Format Version 12.00
# Visual Studio Version 16
VisualStudioVersion = 16.0.32126.315
MinimumVisualStudioVersion = 10.0.40219.1
Project("{2150E333-8FDC-42A3-9474-1A3956D46DE8}") = "Services", "Services", "{7C57D69B-597D-4740-ABAB-1858D210C007}"
EndProject
Project("{2150E333-8FDC-42A3-9474-1A3956D46DE8}") = "Catalog", "Catalog", "{1C2BDB32-0F09-46F2-88BC-88A1854BE958}"
EndProject
Project("{9A19103F-16F7-4668-BE54-9A1E7A4F7556}") = "FreeCourse.Services.Catalog", "Services\Catalog\FreeCourse.Services.Catalog\FreeCourse.Services.Catalog.csproj", "{AFC3601F-0CF4-4092-817D-24B04A692ED9}"
EndProject
Project("{2150E333-8FDC-42A3-9474-1A3956D46DE8}") = "Solution Items", "Solution Items", "{7AE6126E-DD8D-48B3-A3A4-0C898588125E}"
	ProjectSection(SolutionItems) = preProject
		Ports.txt = Ports.txt
	EndProjectSection
EndProject
Project("{2150E333-8FDC-42A3-9474-1A3956D46DE8}") = "Shared", "Shared", "{2FB9E9C9-2AAB-47E4-B494-B67982DCF455}"
EndProject
Project("{9A19103F-16F7-4668-BE54-9A1E7A4F7556}") = "FreeCourse.Shared", "Shared\FreeCourse.Shared\FreeCourse.Shared.csproj", "{B4E3A16F-B775-4F90-8087-976030AA90AC}"
EndProject
Project("{2150E333-8FDC-42A3-9474-1A3956D46DE8}") = "IdentityServer", "IdentityServer", "{60FAAAEF-2F18-476C-BC2D-9DFFE0BA754C}"
EndProject
Project("{9A19103F-16F7-4668-BE54-9A1E7A4F7556}") = "FreeCourse.IdentityServer", "IdentityServer\FreeCourse.IdentityServer\FreeCourse.IdentityServer.csproj", "{3A64751D-910B-4925-BBCE-42D398D3E213}"
EndProject
Project("{2150E333-8FDC-42A3-9474-1A3956D46DE8}") = "PhotoStock", "PhotoStock", "{D83C78C0-2CDE-41CB-AF82-C7A61AB69B6A}"
EndProject
Project("{FAE04EC0-301F-11D3-BF4B-00C04F79EFBC}") = "FreeCourse.Services.PhotoStock", "Services\PhotoStock\FreeCourse.Services.PhotoStock\FreeCourse.Services.PhotoStock.csproj", "{A54D9EC8-A67D-4F5C-A0FF-363E83022BCE}"
EndProject
Global
	GlobalSection(SolutionConfigurationPlatforms) = preSolution
		Debug|Any CPU = Debug|Any CPU
		Release|Any CPU = Release|Any CPU
	EndGlobalSection
	GlobalSection(ProjectConfigurationPlatforms) = postSolution
		{AFC3601F-0CF4-4092-817D-24B04A692ED9}.Debug|Any CPU.ActiveCfg = Debug|Any CPU
		{AFC3601F-0CF4-4092-817D-24B04A692ED9}.Debug|Any CPU.Build.0 = Debug|Any CPU
		{AFC3601F-0CF4-4092-817D-24B04A692ED9}.Release|Any CPU.ActiveCfg = Release|Any CPU
		{AFC3601F-0CF4-4092-817D-24B04A692ED9}.Release|Any CPU.Build.0 = Release|Any CPU
		{B4E3A16F-B775-4F90-8087-976030AA90AC}.Debug|Any CPU.ActiveCfg = Debug|Any CPU
		{B4E3A16F-B775-4F90-8087-976030AA90AC}.Debug|Any CPU.Build.0 = Debug|Any CPU
		{B4E3A16F-B775-4F90-8087-976030AA90AC}.Release|Any CPU.ActiveCfg = Release|Any CPU
		{B4E3A16F-B775-4F90-8087-976030AA90AC}.Release|Any CPU.Build.0 = Release|Any CPU
		{3A64751D-910B-4925-BBCE-42D398D3E213}.Debug|Any CPU.ActiveCfg = Debug|Any CPU
		{3A64751D-910B-4925-BBCE-42D398D3E213}.Debug|Any CPU.Build.0 = Debug|Any CPU
		{3A64751D-910B-4925-BBCE-42D398D3E213}.Release|Any CPU.ActiveCfg = Release|Any CPU
		{3A64751D-910B-4925-BBCE-42D398D3E213}.Release|Any CPU.Build.0 = Release|Any CPU
		{A54D9EC8-A67D-4F5C-A0FF-363E83022BCE}.Debug|Any CPU.ActiveCfg = Debug|Any CPU
		{A54D9EC8-A67D-4F5C-A0FF-363E83022BCE}.Debug|Any CPU.Build.0 = Debug|Any CPU
		{A54D9EC8-A67D-4F5C-A0FF-363E83022BCE}.Release|Any CPU.ActiveCfg = Release|Any CPU
		{A54D9EC8-A67D-4F5C-A0FF-363E83022BCE}.Release|Any CPU.Build.0 = Release|Any CPU
	EndGlobalSection
	GlobalSection(SolutionProperties) = preSolution
		HideSolutionNode = FALSE
	EndGlobalSection
	GlobalSection(NestedProjects) = preSolution
		{1C2BDB32-0F09-46F2-88BC-88A1854BE958} = {7C57D69B-597D-4740-ABAB-1858D210C007}
		{AFC3601F-0CF4-4092-817D-24B04A692ED9} = {1C2BDB32-0F09-46F2-88BC-88A1854BE958}
		{B4E3A16F-B775-4F90-8087-976030AA90AC} = {2FB9E9C9-2AAB-47E4-B494-B67982DCF455}
		{3A64751D-910B-4925-BBCE-42D398D3E213} = {60FAAAEF-2F18-476C-BC2D-9DFFE0BA754C}
		{D83C78C0-2CDE-41CB-AF82-C7A61AB69B6A} = {7C57D69B-597D-4740-ABAB-1858D210C007}
		{A54D9EC8-A67D-4F5C-A0FF-363E83022BCE} = {D83C78C0-2CDE-41CB-AF82-C7A61AB69B6A}
	EndGlobalSection
	GlobalSection(ExtensibilityGlobals) = postSolution
		SolutionGuid = {876B43DD-9648-49D4-83EA-0B4E6870F634}
	EndGlobalSection
EndGlobal
